
Microsoft Visual Studio Solution File, Format Version 12.00
# Visual Studio Version 17
VisualStudioVersion = 17.0.31903.59
MinimumVisualStudioVersion = 10.0.40219.1
Project("{FAE04EC0-301F-11D3-BF4B-00C04F79EFBC}") = "StructuredRAG.Core", "StructuredRAG.Core\StructuredRAG.Core.csproj", "{3C8F8F0C-6C7A-4E9A-8B4A-7E5F83D1B3E4}"
EndProject
Project("{FAE04EC0-301F-11D3-BF4B-00C04F79EFBC}") = "StructuredRAG.Example", "StructuredRAG.Example\StructuredRAG.Example.csproj", "{A2C2C2F8-4D24-4B3A-8C1A-2B5F8D5F6A1A}"
EndProject
Global
	GlobalSection(SolutionConfigurationPlatforms) = preSolution
		Debug|Any CPU = Debug|Any CPU
		Release|Any CPU = Release|Any CPU
	EndGlobalSection
	GlobalSection(ProjectConfigurationPlatforms) = postSolution
		{3C8F8F0C-6C7A-4E9A-8B4A-7E5F83D1B3E4}.Debug|Any CPU.ActiveCfg = Debug|Any CPU
		{3C8F8F0C-6C7A-4E9A-8B4A-7E5F83D1B3E4}.Debug|Any CPU.Build.0 = Debug|Any CPU
		{3C8F8F0C-6C7A-4E9A-8B4A-7E5F83D1B3E4}.Release|Any CPU.ActiveCfg = Release|Any CPU
		{3C8F8F0C-6C7A-4E9A-8B4A-7E5F83D1B3E4}.Release|Any CPU.Build.0 = Release|Any CPU
		{A2C2C2F8-4D24-4B3A-8C1A-2B5F8D5F6A1A}.Debug|Any CPU.ActiveCfg = Debug|Any CPU
		{A2C2C2F8-4D24-4B3A-8C1A-2B5F8D5F6A1A}.Debug|Any CPU.Build.0 = Debug|Any CPU
		{A2C2C2F8-4D24-4B3A-8C1A-2B5F8D5F6A1A}.Release|Any CPU.ActiveCfg = Release|Any CPU
		{A2C2C2F8-4D24-4B3A-8C1A-2B5F8D5F6A1A}.Release|Any CPU.Build.0 = Release|Any CPU
	EndGlobalSection
EndGlobal
